
Microsoft Visual Studio Solution File, Format Version 12.00
# Visual Studio Version 16
VisualStudioVersion = 16.0.30517.126
MinimumVisualStudioVersion = 10.0.40219.1
Project("{FAE04EC0-301F-11D3-BF4B-00C04F79EFBC}") = "FeriaVirtual", "FeriaVirtual\FeriaVirtual.csproj", "{D9751644-52D1-43E5-AB90-EDB5EEE7ECED}"
EndProject
Project("{FAE04EC0-301F-11D3-BF4B-00C04F79EFBC}") = "FeriaVirtual.Negocio", "FeriaVirtual.Negocio\FeriaVirtual.Negocio.csproj", "{62BCE451-9912-4DC6-B1BE-9AD1A39B65E6}"
EndProject
Project("{FAE04EC0-301F-11D3-BF4B-00C04F79EFBC}") = "FeriaVirtual.DALC", "FeriaVirtual.DALC\FeriaVirtual.DALC.csproj", "{F634576E-4691-4B16-A7CF-BA4F206BBC7C}"
EndProject
Global
	GlobalSection(SolutionConfigurationPlatforms) = preSolution
		Debug|Any CPU = Debug|Any CPU
		Release|Any CPU = Release|Any CPU
	EndGlobalSection
	GlobalSection(ProjectConfigurationPlatforms) = postSolution
		{D9751644-52D1-43E5-AB90-EDB5EEE7ECED}.Debug|Any CPU.ActiveCfg = Debug|Any CPU
		{D9751644-52D1-43E5-AB90-EDB5EEE7ECED}.Debug|Any CPU.Build.0 = Debug|Any CPU
		{D9751644-52D1-43E5-AB90-EDB5EEE7ECED}.Release|Any CPU.ActiveCfg = Release|Any CPU
		{D9751644-52D1-43E5-AB90-EDB5EEE7ECED}.Release|Any CPU.Build.0 = Release|Any CPU
		{62BCE451-9912-4DC6-B1BE-9AD1A39B65E6}.Debug|Any CPU.ActiveCfg = Debug|Any CPU
		{62BCE451-9912-4DC6-B1BE-9AD1A39B65E6}.Debug|Any CPU.Build.0 = Debug|Any CPU
		{62BCE451-9912-4DC6-B1BE-9AD1A39B65E6}.Release|Any CPU.ActiveCfg = Release|Any CPU
		{62BCE451-9912-4DC6-B1BE-9AD1A39B65E6}.Release|Any CPU.Build.0 = Release|Any CPU
		{F634576E-4691-4B16-A7CF-BA4F206BBC7C}.Debug|Any CPU.ActiveCfg = Debug|Any CPU
		{F634576E-4691-4B16-A7CF-BA4F206BBC7C}.Debug|Any CPU.Build.0 = Debug|Any CPU
		{F634576E-4691-4B16-A7CF-BA4F206BBC7C}.Release|Any CPU.ActiveCfg = Release|Any CPU
		{F634576E-4691-4B16-A7CF-BA4F206BBC7C}.Release|Any CPU.Build.0 = Release|Any CPU
	EndGlobalSection
	GlobalSection(SolutionProperties) = preSolution
		HideSolutionNode = FALSE
	EndGlobalSection
	GlobalSection(ExtensibilityGlobals) = postSolution
		SolutionGuid = {D26DCAB4-F705-49D4-9C0D-414339F9641F}
	EndGlobalSection
EndGlobal
